
Microsoft Visual Studio Solution File, Format Version 12.00
# Visual Studio Version 16
VisualStudioVersion = 16.0.31321.278
MinimumVisualStudioVersion = 10.0.40219.1
Project("{FAE04EC0-301F-11D3-BF4B-00C04F79EFBC}") = "BookMS", "BookMS.csproj", "{EEC87589-E78F-4FF5-A091-609DF0D77D29}"
EndProject
Global
	GlobalSection(SolutionConfigurationPlatforms) = preSolution
		Debug|Any CPU = Debug|Any CPU
		Release|Any CPU = Release|Any CPU
	EndGlobalSection
	GlobalSection(ProjectConfigurationPlatforms) = postSolution
		{EEC87589-E78F-4FF5-A091-609DF0D77D29}.Debug|Any CPU.ActiveCfg = Debug|Any CPU
		{EEC87589-E78F-4FF5-A091-609DF0D77D29}.Debug|Any CPU.Build.0 = Debug|Any CPU
		{EEC87589-E78F-4FF5-A091-609DF0D77D29}.Release|Any CPU.ActiveCfg = Release|Any CPU
		{EEC87589-E78F-4FF5-A091-609DF0D77D29}.Release|Any CPU.Build.0 = Release|Any CPU
	EndGlobalSection
	GlobalSection(SolutionProperties) = preSolution
		HideSolutionNode = FALSE
	EndGlobalSection
	GlobalSection(ExtensibilityGlobals) = postSolution
		SolutionGuid = {2C51BCAE-B76D-4823-9BB3-B458C6CC8658}
	EndGlobalSection
EndGlobal
